
Microsoft Visual Studio Solution File, Format Version 12.00
# Visual Studio 2013
VisualStudioVersion = 12.0.21005.1
MinimumVisualStudioVersion = 10.0.40219.1
Project("{8BC9CEB8-8B4A-11D0-8D11-00A0C91BC942}") = "彩色骨骼挥手识别", "彩色骨骼挥手识别\彩色骨骼挥手识别.vcxproj", "{60F23B76-41A9-4703-9C9F-BF45EF400A76}"
EndProject
Global
	GlobalSection(SolutionConfigurationPlatforms) = preSolution
		Debug|Win32 = Debug|Win32
		Release|Win32 = Release|Win32
	EndGlobalSection
	GlobalSection(ProjectConfigurationPlatforms) = postSolution
		{60F23B76-41A9-4703-9C9F-BF45EF400A76}.Debug|Win32.ActiveCfg = Debug|Win32
		{60F23B76-41A9-4703-9C9F-BF45EF400A76}.Debug|Win32.Build.0 = Debug|Win32
		{60F23B76-41A9-4703-9C9F-BF45EF400A76}.Release|Win32.ActiveCfg = Release|Win32
		{60F23B76-41A9-4703-9C9F-BF45EF400A76}.Release|Win32.Build.0 = Release|Win32
	EndGlobalSection
	GlobalSection(SolutionProperties) = preSolution
		HideSolutionNode = FALSE
	EndGlobalSection
EndGlobal
